
Microsoft Visual Studio Solution File, Format Version 12.00
# Visual Studio 15
VisualStudioVersion = 15.0.28307.329
MinimumVisualStudioVersion = 10.0.40219.1
Project("{FAE04EC0-301F-11D3-BF4B-00C04F79EFBC}") = "NetCore", "NetCore\NetCore.csproj", "{61F774F2-EB96-4FE5-9B58-AFE4DB6F6339}"
EndProject
Global
	GlobalSection(SolutionConfigurationPlatforms) = preSolution
		Debug|Any CPU = Debug|Any CPU
		Release|Any CPU = Release|Any CPU
	EndGlobalSection
	GlobalSection(ProjectConfigurationPlatforms) = postSolution
		{61F774F2-EB96-4FE5-9B58-AFE4DB6F6339}.Debug|Any CPU.ActiveCfg = Debug|Any CPU
		{61F774F2-EB96-4FE5-9B58-AFE4DB6F6339}.Debug|Any CPU.Build.0 = Debug|Any CPU
		{61F774F2-EB96-4FE5-9B58-AFE4DB6F6339}.Release|Any CPU.ActiveCfg = Release|Any CPU
		{61F774F2-EB96-4FE5-9B58-AFE4DB6F6339}.Release|Any CPU.Build.0 = Release|Any CPU
	EndGlobalSection
	GlobalSection(SolutionProperties) = preSolution
		HideSolutionNode = FALSE
	EndGlobalSection
	GlobalSection(ExtensibilityGlobals) = postSolution
		SolutionGuid = {D24402FB-DAB7-49B9-847B-A06B93B44E1A}
	EndGlobalSection
EndGlobal
